// !$*UTF8*$!
{
	archiveVersion = 1;
	classes = {
	};
	objectVersion = 55;
	objects = {

/* Begin PBXBuildFile section */
		742536422C7708020026B424 /* LoginViewModel.swift in Sources */ = {isa = PBXBuildFile; fileRef = 742536412C7708020026B424 /* LoginViewModel.swift */; };
		742536442C77084E0026B424 /* RegistrationViewModel.swift in Sources */ = {isa = PBXBuildFile; fileRef = 742536432C77084D0026B424 /* RegistrationViewModel.swift */; };
		742536462C7708BB0026B424 /* AuthService.swift in Sources */ = {isa = PBXBuildFile; fileRef = 742536452C7708BB0026B424 /* AuthService.swift */; };
		7427A6D12C4002A40025C28C /* ChatView.swift in Sources */ = {isa = PBXBuildFile; fileRef = 7427A6D02C4002A30025C28C /* ChatView.swift */; };
		7427A6D32C4008B00025C28C /* ChatMessageCell.swift in Sources */ = {isa = PBXBuildFile; fileRef = 7427A6D22C4008B00025C28C /* ChatMessageCell.swift */; };
		7427A6D52C400EF70025C28C /* ChatBubble.swift in Sources */ = {isa = PBXBuildFile; fileRef = 7427A6D42C400EF70025C28C /* ChatBubble.swift */; };
		7427A6D72C401CA40025C28C /* GoogleService-Info.plist in Resources */ = {isa = PBXBuildFile; fileRef = 7427A6D62C401CA30025C28C /* GoogleService-Info.plist */; };
		7432EDA92C36DF4100BFA2BF /* NewMessageView.swift in Sources */ = {isa = PBXBuildFile; fileRef = 7432EDA82C36DF4100BFA2BF /* NewMessageView.swift */; };
		7432EDAE2C36E82B00BFA2BF /* ProfileView.swift in Sources */ = {isa = PBXBuildFile; fileRef = 7432EDAD2C36E82B00BFA2BF /* ProfileView.swift */; };
		7432EDB02C36EA4300BFA2BF /* SettingsViewModel.swift in Sources */ = {isa = PBXBuildFile; fileRef = 7432EDAF2C36EA4300BFA2BF /* SettingsViewModel.swift */; };
		748E7E472C740E0E00AA528A /* FirebaseAnalytics in Frameworks */ = {isa = PBXBuildFile; productRef = 748E7E462C740E0E00AA528A /* FirebaseAnalytics */; };
		748E7E492C740E0E00AA528A /* FirebaseAnalyticsOnDeviceConversion in Frameworks */ = {isa = PBXBuildFile; productRef = 748E7E482C740E0E00AA528A /* FirebaseAnalyticsOnDeviceConversion */; };
		748E7E4B2C740E0E00AA528A /* FirebaseAnalyticsWithoutAdIdSupport in Frameworks */ = {isa = PBXBuildFile; productRef = 748E7E4A2C740E0E00AA528A /* FirebaseAnalyticsWithoutAdIdSupport */; };
		748E7E4D2C740E0E00AA528A /* FirebaseAppCheck in Frameworks */ = {isa = PBXBuildFile; productRef = 748E7E4C2C740E0E00AA528A /* FirebaseAppCheck */; };
		748E7E4F2C740E0E00AA528A /* FirebaseAppDistribution-Beta in Frameworks */ = {isa = PBXBuildFile; productRef = 748E7E4E2C740E0E00AA528A /* FirebaseAppDistribution-Beta */; };
		748E7E512C740E0E00AA528A /* FirebaseAuth in Frameworks */ = {isa = PBXBuildFile; productRef = 748E7E502C740E0E00AA528A /* FirebaseAuth */; };
		748E7E532C740E0E00AA528A /* FirebaseAuthCombine-Community in Frameworks */ = {isa = PBXBuildFile; productRef = 748E7E522C740E0E00AA528A /* FirebaseAuthCombine-Community */; };
		748E7E552C740E0E00AA528A /* FirebaseCrashlytics in Frameworks */ = {isa = PBXBuildFile; productRef = 748E7E542C740E0E00AA528A /* FirebaseCrashlytics */; };
		748E7E572C740E0E00AA528A /* FirebaseDatabase in Frameworks */ = {isa = PBXBuildFile; productRef = 748E7E562C740E0E00AA528A /* FirebaseDatabase */; };
		748E7E592C740E0E00AA528A /* FirebaseDynamicLinks in Frameworks */ = {isa = PBXBuildFile; productRef = 748E7E582C740E0E00AA528A /* FirebaseDynamicLinks */; };
		748E7E5B2C740E0E00AA528A /* FirebaseFirestore in Frameworks */ = {isa = PBXBuildFile; productRef = 748E7E5A2C740E0E00AA528A /* FirebaseFirestore */; };
		748E7E5D2C740E0E00AA528A /* FirebaseFirestoreCombine-Community in Frameworks */ = {isa = PBXBuildFile; productRef = 748E7E5C2C740E0E00AA528A /* FirebaseFirestoreCombine-Community */; };
		748E7E5F2C740E0E00AA528A /* FirebaseFunctions in Frameworks */ = {isa = PBXBuildFile; productRef = 748E7E5E2C740E0E00AA528A /* FirebaseFunctions */; };
		748E7E612C740E0E00AA528A /* FirebaseFunctionsCombine-Community in Frameworks */ = {isa = PBXBuildFile; productRef = 748E7E602C740E0E00AA528A /* FirebaseFunctionsCombine-Community */; };
		748E7E632C740E0E00AA528A /* FirebaseInAppMessaging-Beta in Frameworks */ = {isa = PBXBuildFile; productRef = 748E7E622C740E0E00AA528A /* FirebaseInAppMessaging-Beta */; };
		748E7E652C740E0E00AA528A /* FirebaseInstallations in Frameworks */ = {isa = PBXBuildFile; productRef = 748E7E642C740E0E00AA528A /* FirebaseInstallations */; };
		748E7E672C740E0E00AA528A /* FirebaseMLModelDownloader in Frameworks */ = {isa = PBXBuildFile; productRef = 748E7E662C740E0E00AA528A /* FirebaseMLModelDownloader */; };
		748E7E692C740E0E00AA528A /* FirebaseMessaging in Frameworks */ = {isa = PBXBuildFile; productRef = 748E7E682C740E0E00AA528A /* FirebaseMessaging */; };
		748E7E6B2C740E0E00AA528A /* FirebasePerformance in Frameworks */ = {isa = PBXBuildFile; productRef = 748E7E6A2C740E0E00AA528A /* FirebasePerformance */; };
		748E7E6D2C740E0E00AA528A /* FirebaseRemoteConfig in Frameworks */ = {isa = PBXBuildFile; productRef = 748E7E6C2C740E0E00AA528A /* FirebaseRemoteConfig */; };
		748E7E6F2C740E0E00AA528A /* FirebaseStorage in Frameworks */ = {isa = PBXBuildFile; productRef = 748E7E6E2C740E0E00AA528A /* FirebaseStorage */; };
		748E7E712C740E0E00AA528A /* FirebaseStorageCombine-Community in Frameworks */ = {isa = PBXBuildFile; productRef = 748E7E702C740E0E00AA528A /* FirebaseStorageCombine-Community */; };
		748E7E732C740E0E00AA528A /* FirebaseVertexAI-Preview in Frameworks */ = {isa = PBXBuildFile; productRef = 748E7E722C740E0E00AA528A /* FirebaseVertexAI-Preview */; };
		749289C32C3F67AA006EB0E7 /* User.swift in Sources */ = {isa = PBXBuildFile; fileRef = 749289C22C3F67AA006EB0E7 /* User.swift */; };
		749289C62C3F6F27006EB0E7 /* CircularImageView.swift in Sources */ = {isa = PBXBuildFile; fileRef = 749289C52C3F6F27006EB0E7 /* CircularImageView.swift */; };
		749DD1142C76CB5D002DC721 /* ContentViewModel.swift in Sources */ = {isa = PBXBuildFile; fileRef = 749DD1132C76CB5D002DC721 /* ContentViewModel.swift */; };
		749DD1162C76E5F3002DC721 /* UserService.swift in Sources */ = {isa = PBXBuildFile; fileRef = 749DD1152C76E5F3002DC721 /* UserService.swift */; };
		749DD11A2C76EAC3002DC721 /* InboxViewModel.swift in Sources */ = {isa = PBXBuildFile; fileRef = 749DD1192C76EAC3002DC721 /* InboxViewModel.swift */; };
		74E9D2B12C344EA40044DD5D /* Messenger_CloneApp.swift in Sources */ = {isa = PBXBuildFile; fileRef = 74E9D2B02C344EA40044DD5D /* Messenger_CloneApp.swift */; };
		74E9D2B32C344EA40044DD5D /* ContentView.swift in Sources */ = {isa = PBXBuildFile; fileRef = 74E9D2B22C344EA40044DD5D /* ContentView.swift */; };
		74E9D2B52C344EA90044DD5D /* Assets.xcassets in Resources */ = {isa = PBXBuildFile; fileRef = 74E9D2B42C344EA90044DD5D /* Assets.xcassets */; };
		74E9D2B82C344EA90044DD5D /* Preview Assets.xcassets in Resources */ = {isa = PBXBuildFile; fileRef = 74E9D2B72C344EA90044DD5D /* Preview Assets.xcassets */; };
		74E9D2C82C3451FC0044DD5D /* LoginView.swift in Sources */ = {isa = PBXBuildFile; fileRef = 74E9D2C72C3451FC0044DD5D /* LoginView.swift */; };
		74E9D2CA2C348EC80044DD5D /* RegistrationView.swift in Sources */ = {isa = PBXBuildFile; fileRef = 74E9D2C92C348EC80044DD5D /* RegistrationView.swift */; };
		74E9D2CD2C3494A00044DD5D /* InboxView.swift in Sources */ = {isa = PBXBuildFile; fileRef = 74E9D2CC2C3494A00044DD5D /* InboxView.swift */; };
		74E9D2D02C34995D0044DD5D /* ActiveNowView.swift in Sources */ = {isa = PBXBuildFile; fileRef = 74E9D2CF2C34995D0044DD5D /* ActiveNowView.swift */; };
		74E9D2D22C34A0340044DD5D /* InboxRowView.swift in Sources */ = {isa = PBXBuildFile; fileRef = 74E9D2D12C34A0340044DD5D /* InboxRowView.swift */; };
/* End PBXBuildFile section */

/* Begin PBXFileReference section */
		742536412C7708020026B424 /* LoginViewModel.swift */ = {isa = PBXFileReference; lastKnownFileType = sourcecode.swift; path = LoginViewModel.swift; sourceTree = "<group>"; };
		742536432C77084D0026B424 /* RegistrationViewModel.swift */ = {isa = PBXFileReference; lastKnownFileType = sourcecode.swift; path = RegistrationViewModel.swift; sourceTree = "<group>"; };
		742536452C7708BB0026B424 /* AuthService.swift */ = {isa = PBXFileReference; lastKnownFileType = sourcecode.swift; path = AuthService.swift; sourceTree = "<group>"; };
		7427A6D02C4002A30025C28C /* ChatView.swift */ = {isa = PBXFileReference; lastKnownFileType = sourcecode.swift; path = ChatView.swift; sourceTree = "<group>"; };
		7427A6D22C4008B00025C28C /* ChatMessageCell.swift */ = {isa = PBXFileReference; lastKnownFileType = sourcecode.swift; path = ChatMessageCell.swift; sourceTree = "<group>"; };
		7427A6D42C400EF70025C28C /* ChatBubble.swift */ = {isa = PBXFileReference; lastKnownFileType = sourcecode.swift; path = ChatBubble.swift; sourceTree = "<group>"; };
		7427A6D62C401CA30025C28C /* GoogleService-Info.plist */ = {isa = PBXFileReference; fileEncoding = 4; lastKnownFileType = text.plist.xml; path = "GoogleService-Info.plist"; sourceTree = "<group>"; };
		7432EDA82C36DF4100BFA2BF /* NewMessageView.swift */ = {isa = PBXFileReference; lastKnownFileType = sourcecode.swift; path = NewMessageView.swift; sourceTree = "<group>"; };
		7432EDAD2C36E82B00BFA2BF /* ProfileView.swift */ = {isa = PBXFileReference; lastKnownFileType = sourcecode.swift; path = ProfileView.swift; sourceTree = "<group>"; };
		7432EDAF2C36EA4300BFA2BF /* SettingsViewModel.swift */ = {isa = PBXFileReference; lastKnownFileType = sourcecode.swift; path = SettingsViewModel.swift; sourceTree = "<group>"; };
		749289C22C3F67AA006EB0E7 /* User.swift */ = {isa = PBXFileReference; lastKnownFileType = sourcecode.swift; path = User.swift; sourceTree = "<group>"; };
		749289C52C3F6F27006EB0E7 /* CircularImageView.swift */ = {isa = PBXFileReference; lastKnownFileType = sourcecode.swift; path = CircularImageView.swift; sourceTree = "<group>"; };
		749DD1132C76CB5D002DC721 /* ContentViewModel.swift */ = {isa = PBXFileReference; lastKnownFileType = sourcecode.swift; path = ContentViewModel.swift; sourceTree = "<group>"; };
		749DD1152C76E5F3002DC721 /* UserService.swift */ = {isa = PBXFileReference; lastKnownFileType = sourcecode.swift; path = UserService.swift; sourceTree = "<group>"; };
		749DD1192C76EAC3002DC721 /* InboxViewModel.swift */ = {isa = PBXFileReference; lastKnownFileType = sourcecode.swift; path = InboxViewModel.swift; sourceTree = "<group>"; };
		74E9D2AD2C344EA40044DD5D /* Messenger_Clone.app */ = {isa = PBXFileReference; explicitFileType = wrapper.application; includeInIndex = 0; path = Messenger_Clone.app; sourceTree = BUILT_PRODUCTS_DIR; };
		74E9D2B02C344EA40044DD5D /* Messenger_CloneApp.swift */ = {isa = PBXFileReference; lastKnownFileType = sourcecode.swift; path = Messenger_CloneApp.swift; sourceTree = "<group>"; };
		74E9D2B22C344EA40044DD5D /* ContentView.swift */ = {isa = PBXFileReference; lastKnownFileType = sourcecode.swift; path = ContentView.swift; sourceTree = "<group>"; };
		74E9D2B42C344EA90044DD5D /* Assets.xcassets */ = {isa = PBXFileReference; lastKnownFileType = folder.assetcatalog; path = Assets.xcassets; sourceTree = "<group>"; };
		74E9D2B72C344EA90044DD5D /* Preview Assets.xcassets */ = {isa = PBXFileReference; lastKnownFileType = folder.assetcatalog; path = "Preview Assets.xcassets"; sourceTree = "<group>"; };
		74E9D2C72C3451FC0044DD5D /* LoginView.swift */ = {isa = PBXFileReference; lastKnownFileType = sourcecode.swift; path = LoginView.swift; sourceTree = "<group>"; };
		74E9D2C92C348EC80044DD5D /* RegistrationView.swift */ = {isa = PBXFileReference; lastKnownFileType = sourcecode.swift; path = RegistrationView.swift; sourceTree = "<group>"; };
		74E9D2CC2C3494A00044DD5D /* InboxView.swift */ = {isa = PBXFileReference; lastKnownFileType = sourcecode.swift; path = InboxView.swift; sourceTree = "<group>"; };
		74E9D2CF2C34995D0044DD5D /* ActiveNowView.swift */ = {isa = PBXFileReference; lastKnownFileType = sourcecode.swift; path = ActiveNowView.swift; sourceTree = "<group>"; };
		74E9D2D12C34A0340044DD5D /* InboxRowView.swift */ = {isa = PBXFileReference; lastKnownFileType = sourcecode.swift; path = InboxRowView.swift; sourceTree = "<group>"; };
/* End PBXFileReference section */

/* Begin PBXFrameworksBuildPhase section */
		74E9D2AA2C344EA30044DD5D /* Frameworks */ = {
			isa = PBXFrameworksBuildPhase;
			buildActionMask = 2147483647;
			files = (
				748E7E712C740E0E00AA528A /* FirebaseStorageCombine-Community in Frameworks */,
				748E7E692C740E0E00AA528A /* FirebaseMessaging in Frameworks */,
				748E7E672C740E0E00AA528A /* FirebaseMLModelDownloader in Frameworks */,
				748E7E4D2C740E0E00AA528A /* FirebaseAppCheck in Frameworks */,
				748E7E512C740E0E00AA528A /* FirebaseAuth in Frameworks */,
				748E7E472C740E0E00AA528A /* FirebaseAnalytics in Frameworks */,
				748E7E4F2C740E0E00AA528A /* FirebaseAppDistribution-Beta in Frameworks */,
				748E7E4B2C740E0E00AA528A /* FirebaseAnalyticsWithoutAdIdSupport in Frameworks */,
				748E7E552C740E0E00AA528A /* FirebaseCrashlytics in Frameworks */,
				748E7E572C740E0E00AA528A /* FirebaseDatabase in Frameworks */,
				748E7E612C740E0E00AA528A /* FirebaseFunctionsCombine-Community in Frameworks */,
				748E7E532C740E0E00AA528A /* FirebaseAuthCombine-Community in Frameworks */,
				748E7E6F2C740E0E00AA528A /* FirebaseStorage in Frameworks */,
				748E7E492C740E0E00AA528A /* FirebaseAnalyticsOnDeviceConversion in Frameworks */,
				748E7E5F2C740E0E00AA528A /* FirebaseFunctions in Frameworks */,
				748E7E652C740E0E00AA528A /* FirebaseInstallations in Frameworks */,
				748E7E6B2C740E0E00AA528A /* FirebasePerformance in Frameworks */,
				748E7E5D2C740E0E00AA528A /* FirebaseFirestoreCombine-Community in Frameworks */,
				748E7E5B2C740E0E00AA528A /* FirebaseFirestore in Frameworks */,
				748E7E592C740E0E00AA528A /* FirebaseDynamicLinks in Frameworks */,
				748E7E632C740E0E00AA528A /* FirebaseInAppMessaging-Beta in Frameworks */,
				748E7E732C740E0E00AA528A /* FirebaseVertexAI-Preview in Frameworks */,
				748E7E6D2C740E0E00AA528A /* FirebaseRemoteConfig in Frameworks */,
			);
			runOnlyForDeploymentPostprocessing = 0;
		};
/* End PBXFrameworksBuildPhase section */

/* Begin PBXGroup section */
		7425363F2C7707CB0026B424 /* Service */ = {
			isa = PBXGroup;
			children = (
				742536452C7708BB0026B424 /* AuthService.swift */,
				749DD1152C76E5F3002DC721 /* UserService.swift */,
			);
			path = Service;
			sourceTree = "<group>";
		};
		742536402C7707DE0026B424 /* ViewModel */ = {
			isa = PBXGroup;
			children = (
				742536412C7708020026B424 /* LoginViewModel.swift */,
				742536432C77084D0026B424 /* RegistrationViewModel.swift */,
			);
			path = ViewModel;
			sourceTree = "<group>";
		};
		7427A6CF2C40028F0025C28C /* Chat */ = {
			isa = PBXGroup;
			children = (
				7427A6D02C4002A30025C28C /* ChatView.swift */,
				7427A6D22C4008B00025C28C /* ChatMessageCell.swift */,
				7427A6D42C400EF70025C28C /* ChatBubble.swift */,
			);
			path = Chat;
			sourceTree = "<group>";
		};
		7432EDA72C36DF0F00BFA2BF /* NewMessage */ = {
			isa = PBXGroup;
			children = (
				7432EDA82C36DF4100BFA2BF /* NewMessageView.swift */,
			);
			path = NewMessage;
			sourceTree = "<group>";
		};
		7432EDAA2C36E7F700BFA2BF /* Profile */ = {
			isa = PBXGroup;
			children = (
				7432EDAC2C36E81000BFA2BF /* View */,
				7432EDAB2C36E80600BFA2BF /* ViewModel */,
			);
			path = Profile;
			sourceTree = "<group>";
		};
		7432EDAB2C36E80600BFA2BF /* ViewModel */ = {
			isa = PBXGroup;
			children = (
				7432EDAF2C36EA4300BFA2BF /* SettingsViewModel.swift */,
			);
			path = ViewModel;
			sourceTree = "<group>";
		};
		7432EDAC2C36E81000BFA2BF /* View */ = {
			isa = PBXGroup;
			children = (
				7432EDAD2C36E82B00BFA2BF /* ProfileView.swift */,
			);
			path = View;
			sourceTree = "<group>";
		};
		749289C42C3F6EF7006EB0E7 /* Components */ = {
			isa = PBXGroup;
			children = (
				749289C52C3F6F27006EB0E7 /* CircularImageView.swift */,
			);
			path = Components;
			sourceTree = "<group>";
		};
		749DD1112C76CB32002DC721 /* View */ = {
			isa = PBXGroup;
			children = (
				74E9D2B22C344EA40044DD5D /* ContentView.swift */,
			);
			path = View;
			sourceTree = "<group>";
		};
		749DD1122C76CB3F002DC721 /* ViewModel */ = {
			isa = PBXGroup;
			children = (
				749DD1132C76CB5D002DC721 /* ContentViewModel.swift */,
			);
			path = ViewModel;
			sourceTree = "<group>";
		};
		749DD1172C76EA62002DC721 /* Views */ = {
			isa = PBXGroup;
			children = (
				74E9D2D12C34A0340044DD5D /* InboxRowView.swift */,
				74E9D2CC2C3494A00044DD5D /* InboxView.swift */,
			);
			path = Views;
			sourceTree = "<group>";
		};
		749DD1182C76EA6C002DC721 /* ViewModel */ = {
			isa = PBXGroup;
			children = (
				749DD1192C76EAC3002DC721 /* InboxViewModel.swift */,
			);
			path = ViewModel;
			sourceTree = "<group>";
		};
		74E9D2A42C344EA30044DD5D = {
			isa = PBXGroup;
			children = (
				74E9D2AF2C344EA40044DD5D /* Messenger_Clone */,
				74E9D2AE2C344EA40044DD5D /* Products */,
			);
			sourceTree = "<group>";
		};
		74E9D2AE2C344EA40044DD5D /* Products */ = {
			isa = PBXGroup;
			children = (
				74E9D2AD2C344EA40044DD5D /* Messenger_Clone.app */,
			);
			name = Products;
			sourceTree = "<group>";
		};
		74E9D2AF2C344EA40044DD5D /* Messenger_Clone */ = {
			isa = PBXGroup;
			children = (
				74E9D2C32C344FDE0044DD5D /* App */,
				74E9D2C22C344FC70044DD5D /* Extensions */,
				74E9D2C12C344FBE0044DD5D /* Core */,
				74E9D2C02C344FB30044DD5D /* Model */,
				74E9D2BE2C344F7F0044DD5D /* Service */,
				7427A6D62C401CA30025C28C /* GoogleService-Info.plist */,
				74E9D2B42C344EA90044DD5D /* Assets.xcassets */,
				74E9D2B62C344EA90044DD5D /* Preview Content */,
			);
			path = Messenger_Clone;
			sourceTree = "<group>";
		};
		74E9D2B62C344EA90044DD5D /* Preview Content */ = {
			isa = PBXGroup;
			children = (
				74E9D2B72C344EA90044DD5D /* Preview Assets.xcassets */,
			);
			path = "Preview Content";
			sourceTree = "<group>";
		};
		74E9D2BE2C344F7F0044DD5D /* Service */ = {
			isa = PBXGroup;
			children = (
			);
			path = Service;
			sourceTree = "<group>";
		};
		74E9D2C02C344FB30044DD5D /* Model */ = {
			isa = PBXGroup;
			children = (
				749289C22C3F67AA006EB0E7 /* User.swift */,
			);
			path = Model;
			sourceTree = "<group>";
		};
		74E9D2C12C344FBE0044DD5D /* Core */ = {
			isa = PBXGroup;
			children = (
				7427A6CF2C40028F0025C28C /* Chat */,
				749289C42C3F6EF7006EB0E7 /* Components */,
				7432EDAA2C36E7F700BFA2BF /* Profile */,
				7432EDA72C36DF0F00BFA2BF /* NewMessage */,
				74E9D2CE2C3499380044DD5D /* ActiveNow */,
				74E9D2CB2C3494840044DD5D /* Inbox */,
				74E9D2C52C34503D0044DD5D /* Authentication */,
				74E9D2C42C3450340044DD5D /* Root */,
			);
			path = Core;
			sourceTree = "<group>";
		};
		74E9D2C22C344FC70044DD5D /* Extensions */ = {
			isa = PBXGroup;
			children = (
			);
			path = Extensions;
			sourceTree = "<group>";
		};
		74E9D2C32C344FDE0044DD5D /* App */ = {
			isa = PBXGroup;
			children = (
				74E9D2B02C344EA40044DD5D /* Messenger_CloneApp.swift */,
			);
			path = App;
			sourceTree = "<group>";
		};
		74E9D2C42C3450340044DD5D /* Root */ = {
			isa = PBXGroup;
			children = (
				749DD1122C76CB3F002DC721 /* ViewModel */,
				749DD1112C76CB32002DC721 /* View */,
			);
			path = Root;
			sourceTree = "<group>";
		};
		74E9D2C52C34503D0044DD5D /* Authentication */ = {
			isa = PBXGroup;
			children = (
				742536402C7707DE0026B424 /* ViewModel */,
				7425363F2C7707CB0026B424 /* Service */,
				74E9D2C62C34504B0044DD5D /* Views */,
			);
			path = Authentication;
			sourceTree = "<group>";
		};
		74E9D2C62C34504B0044DD5D /* Views */ = {
			isa = PBXGroup;
			children = (
				74E9D2C72C3451FC0044DD5D /* LoginView.swift */,
				74E9D2C92C348EC80044DD5D /* RegistrationView.swift */,
			);
			path = Views;
			sourceTree = "<group>";
		};
		74E9D2CB2C3494840044DD5D /* Inbox */ = {
			isa = PBXGroup;
			children = (
				749DD1182C76EA6C002DC721 /* ViewModel */,
				749DD1172C76EA62002DC721 /* Views */,
			);
			path = Inbox;
			sourceTree = "<group>";
		};
		74E9D2CE2C3499380044DD5D /* ActiveNow */ = {
			isa = PBXGroup;
			children = (
				74E9D2CF2C34995D0044DD5D /* ActiveNowView.swift */,
			);
			path = ActiveNow;
			sourceTree = "<group>";
		};
/* End PBXGroup section */

/* Begin PBXNativeTarget section */
		74E9D2AC2C344EA30044DD5D /* Messenger_Clone */ = {
			isa = PBXNativeTarget;
			buildConfigurationList = 74E9D2BB2C344EA90044DD5D /* Build configuration list for PBXNativeTarget "Messenger_Clone" */;
			buildPhases = (
				74E9D2A92C344EA30044DD5D /* Sources */,
				74E9D2AA2C344EA30044DD5D /* Frameworks */,
				74E9D2AB2C344EA30044DD5D /* Resources */,
			);
			buildRules = (
			);
			dependencies = (
			);
			name = Messenger_Clone;
			packageProductDependencies = (
				748E7E462C740E0E00AA528A /* FirebaseAnalytics */,
				748E7E482C740E0E00AA528A /* FirebaseAnalyticsOnDeviceConversion */,
				748E7E4A2C740E0E00AA528A /* FirebaseAnalyticsWithoutAdIdSupport */,
				748E7E4C2C740E0E00AA528A /* FirebaseAppCheck */,
				748E7E4E2C740E0E00AA528A /* FirebaseAppDistribution-Beta */,
				748E7E502C740E0E00AA528A /* FirebaseAuth */,
				748E7E522C740E0E00AA528A /* FirebaseAuthCombine-Community */,
				748E7E542C740E0E00AA528A /* FirebaseCrashlytics */,
				748E7E562C740E0E00AA528A /* FirebaseDatabase */,
				748E7E582C740E0E00AA528A /* FirebaseDynamicLinks */,
				748E7E5A2C740E0E00AA528A /* FirebaseFirestore */,
				748E7E5C2C740E0E00AA528A /* FirebaseFirestoreCombine-Community */,
				748E7E5E2C740E0E00AA528A /* FirebaseFunctions */,
				748E7E602C740E0E00AA528A /* FirebaseFunctionsCombine-Community */,
				748E7E622C740E0E00AA528A /* FirebaseInAppMessaging-Beta */,
				748E7E642C740E0E00AA528A /* FirebaseInstallations */,
				748E7E662C740E0E00AA528A /* FirebaseMLModelDownloader */,
				748E7E682C740E0E00AA528A /* FirebaseMessaging */,
				748E7E6A2C740E0E00AA528A /* FirebasePerformance */,
				748E7E6C2C740E0E00AA528A /* FirebaseRemoteConfig */,
				748E7E6E2C740E0E00AA528A /* FirebaseStorage */,
				748E7E702C740E0E00AA528A /* FirebaseStorageCombine-Community */,
				748E7E722C740E0E00AA528A /* FirebaseVertexAI-Preview */,
			);
			productName = Messenger_Clone;
			productReference = 74E9D2AD2C344EA40044DD5D /* Messenger_Clone.app */;
			productType = "com.apple.product-type.application";
		};
/* End PBXNativeTarget section */

/* Begin PBXProject section */
		74E9D2A52C344EA30044DD5D /* Project object */ = {
			isa = PBXProject;
			attributes = {
				BuildIndependentTargetsInParallel = 1;
				LastSwiftUpdateCheck = 1320;
				LastUpgradeCheck = 1320;
				TargetAttributes = {
					74E9D2AC2C344EA30044DD5D = {
						CreatedOnToolsVersion = 13.2.1;
					};
				};
			};
			buildConfigurationList = 74E9D2A82C344EA30044DD5D /* Build configuration list for PBXProject "Messenger_Clone" */;
			compatibilityVersion = "Xcode 13.0";
			developmentRegion = en;
			hasScannedForEncodings = 0;
			knownRegions = (
				en,
				Base,
			);
			mainGroup = 74E9D2A42C344EA30044DD5D;
			packageReferences = (
				748E7E452C740E0E00AA528A /* XCRemoteSwiftPackageReference "firebase-ios-sdk" */,
			);
			productRefGroup = 74E9D2AE2C344EA40044DD5D /* Products */;
			projectDirPath = "";
			projectRoot = "";
			targets = (
				74E9D2AC2C344EA30044DD5D /* Messenger_Clone */,
			);
		};
/* End PBXProject section */

/* Begin PBXResourcesBuildPhase section */
		74E9D2AB2C344EA30044DD5D /* Resources */ = {
			isa = PBXResourcesBuildPhase;
			buildActionMask = 2147483647;
			files = (
				74E9D2B82C344EA90044DD5D /* Preview Assets.xcassets in Resources */,
				7427A6D72C401CA40025C28C /* GoogleService-Info.plist in Resources */,
				74E9D2B52C344EA90044DD5D /* Assets.xcassets in Resources */,
			);
			runOnlyForDeploymentPostprocessing = 0;
		};
/* End PBXResourcesBuildPhase section */

/* Begin PBXSourcesBuildPhase section */
		74E9D2A92C344EA30044DD5D /* Sources */ = {
			isa = PBXSourcesBuildPhase;
			buildActionMask = 2147483647;
			files = (
				74E9D2D22C34A0340044DD5D /* InboxRowView.swift in Sources */,
				742536442C77084E0026B424 /* RegistrationViewModel.swift in Sources */,
				7427A6D52C400EF70025C28C /* ChatBubble.swift in Sources */,
				742536462C7708BB0026B424 /* AuthService.swift in Sources */,
				749289C62C3F6F27006EB0E7 /* CircularImageView.swift in Sources */,
				7432EDAE2C36E82B00BFA2BF /* ProfileView.swift in Sources */,
				742536422C7708020026B424 /* LoginViewModel.swift in Sources */,
				7432EDA92C36DF4100BFA2BF /* NewMessageView.swift in Sources */,
				74E9D2C82C3451FC0044DD5D /* LoginView.swift in Sources */,
				7427A6D32C4008B00025C28C /* ChatMessageCell.swift in Sources */,
				74E9D2B32C344EA40044DD5D /* ContentView.swift in Sources */,
				7427A6D12C4002A40025C28C /* ChatView.swift in Sources */,
				749DD11A2C76EAC3002DC721 /* InboxViewModel.swift in Sources */,
				749DD1142C76CB5D002DC721 /* ContentViewModel.swift in Sources */,
				7432EDB02C36EA4300BFA2BF /* SettingsViewModel.swift in Sources */,
				74E9D2CD2C3494A00044DD5D /* InboxView.swift in Sources */,
				74E9D2D02C34995D0044DD5D /* ActiveNowView.swift in Sources */,
				749DD1162C76E5F3002DC721 /* UserService.swift in Sources */,
				74E9D2B12C344EA40044DD5D /* Messenger_CloneApp.swift in Sources */,
				74E9D2CA2C348EC80044DD5D /* RegistrationView.swift in Sources */,
				749289C32C3F67AA006EB0E7 /* User.swift in Sources */,
			);
			runOnlyForDeploymentPostprocessing = 0;
		};
/* End PBXSourcesBuildPhase section */

/* Begin XCBuildConfiguration section */
		74E9D2B92C344EA90044DD5D /* Debug */ = {
			isa = XCBuildConfiguration;
			buildSettings = {
				ALWAYS_SEARCH_USER_PATHS = NO;
				CLANG_ANALYZER_NONNULL = YES;
				CLANG_ANALYZER_NUMBER_OBJECT_CONVERSION = YES_AGGRESSIVE;
				CLANG_CXX_LANGUAGE_STANDARD = "gnu++17";
				CLANG_CXX_LIBRARY = "libc++";
				CLANG_ENABLE_MODULES = YES;
				CLANG_ENABLE_OBJC_ARC = YES;
				CLANG_ENABLE_OBJC_WEAK = YES;
				CLANG_WARN_BLOCK_CAPTURE_AUTORELEASING = YES;
				CLANG_WARN_BOOL_CONVERSION = YES;
				CLANG_WARN_COMMA = YES;
				CLANG_WARN_CONSTANT_CONVERSION = YES;
				CLANG_WARN_DEPRECATED_OBJC_IMPLEMENTATIONS = YES;
				CLANG_WARN_DIRECT_OBJC_ISA_USAGE = YES_ERROR;
				CLANG_WARN_DOCUMENTATION_COMMENTS = YES;
				CLANG_WARN_EMPTY_BODY = YES;
				CLANG_WARN_ENUM_CONVERSION = YES;
				CLANG_WARN_INFINITE_RECURSION = YES;
				CLANG_WARN_INT_CONVERSION = YES;
				CLANG_WARN_NON_LITERAL_NULL_CONVERSION = YES;
				CLANG_WARN_OBJC_IMPLICIT_RETAIN_SELF = YES;
				CLANG_WARN_OBJC_LITERAL_CONVERSION = YES;
				CLANG_WARN_OBJC_ROOT_CLASS = YES_ERROR;
				CLANG_WARN_QUOTED_INCLUDE_IN_FRAMEWORK_HEADER = YES;
				CLANG_WARN_RANGE_LOOP_ANALYSIS = YES;
				CLANG_WARN_STRICT_PROTOTYPES = YES;
				CLANG_WARN_SUSPICIOUS_MOVE = YES;
				CLANG_WARN_UNGUARDED_AVAILABILITY = YES_AGGRESSIVE;
				CLANG_WARN_UNREACHABLE_CODE = YES;
				CLANG_WARN__DUPLICATE_METHOD_MATCH = YES;
				COPY_PHASE_STRIP = NO;
				DEBUG_INFORMATION_FORMAT = dwarf;
				ENABLE_STRICT_OBJC_MSGSEND = YES;
				ENABLE_TESTABILITY = YES;
				GCC_C_LANGUAGE_STANDARD = gnu11;
				GCC_DYNAMIC_NO_PIC = NO;
				GCC_NO_COMMON_BLOCKS = YES;
				GCC_OPTIMIZATION_LEVEL = 0;
				GCC_PREPROCESSOR_DEFINITIONS = (
					"DEBUG=1",
					"$(inherited)",
				);
				GCC_WARN_64_TO_32_BIT_CONVERSION = YES;
				GCC_WARN_ABOUT_RETURN_TYPE = YES_ERROR;
				GCC_WARN_UNDECLARED_SELECTOR = YES;
				GCC_WARN_UNINITIALIZED_AUTOS = YES_AGGRESSIVE;
				GCC_WARN_UNUSED_FUNCTION = YES;
				GCC_WARN_UNUSED_VARIABLE = YES;
				IPHONEOS_DEPLOYMENT_TARGET = 15.2;
				MTL_ENABLE_DEBUG_INFO = INCLUDE_SOURCE;
				MTL_FAST_MATH = YES;
				ONLY_ACTIVE_ARCH = YES;
				SDKROOT = iphoneos;
				SWIFT_ACTIVE_COMPILATION_CONDITIONS = DEBUG;
				SWIFT_OPTIMIZATION_LEVEL = "-Onone";
			};
			name = Debug;
		};
		74E9D2BA2C344EA90044DD5D /* Release */ = {
			isa = XCBuildConfiguration;
			buildSettings = {
				ALWAYS_SEARCH_USER_PATHS = NO;
				CLANG_ANALYZER_NONNULL = YES;
				CLANG_ANALYZER_NUMBER_OBJECT_CONVERSION = YES_AGGRESSIVE;
				CLANG_CXX_LANGUAGE_STANDARD = "gnu++17";
				CLANG_CXX_LIBRARY = "libc++";
				CLANG_ENABLE_MODULES = YES;
				CLANG_ENABLE_OBJC_ARC = YES;
				CLANG_ENABLE_OBJC_WEAK = YES;
				CLANG_WARN_BLOCK_CAPTURE_AUTORELEASING = YES;
				CLANG_WARN_BOOL_CONVERSION = YES;
				CLANG_WARN_COMMA = YES;
				CLANG_WARN_CONSTANT_CONVERSION = YES;
				CLANG_WARN_DEPRECATED_OBJC_IMPLEMENTATIONS = YES;
				CLANG_WARN_DIRECT_OBJC_ISA_USAGE = YES_ERROR;
				CLANG_WARN_DOCUMENTATION_COMMENTS = YES;
				CLANG_WARN_EMPTY_BODY = YES;
				CLANG_WARN_ENUM_CONVERSION = YES;
				CLANG_WARN_INFINITE_RECURSION = YES;
				CLANG_WARN_INT_CONVERSION = YES;
				CLANG_WARN_NON_LITERAL_NULL_CONVERSION = YES;
				CLANG_WARN_OBJC_IMPLICIT_RETAIN_SELF = YES;
				CLANG_WARN_OBJC_LITERAL_CONVERSION = YES;
				CLANG_WARN_OBJC_ROOT_CLASS = YES_ERROR;
				CLANG_WARN_QUOTED_INCLUDE_IN_FRAMEWORK_HEADER = YES;
				CLANG_WARN_RANGE_LOOP_ANALYSIS = YES;
				CLANG_WARN_STRICT_PROTOTYPES = YES;
				CLANG_WARN_SUSPICIOUS_MOVE = YES;
				CLANG_WARN_UNGUARDED_AVAILABILITY = YES_AGGRESSIVE;
				CLANG_WARN_UNREACHABLE_CODE = YES;
				CLANG_WARN__DUPLICATE_METHOD_MATCH = YES;
				COPY_PHASE_STRIP = NO;
				DEBUG_INFORMATION_FORMAT = "dwarf-with-dsym";
				ENABLE_NS_ASSERTIONS = NO;
				ENABLE_STRICT_OBJC_MSGSEND = YES;
				GCC_C_LANGUAGE_STANDARD = gnu11;
				GCC_NO_COMMON_BLOCKS = YES;
				GCC_WARN_64_TO_32_BIT_CONVERSION = YES;
				GCC_WARN_ABOUT_RETURN_TYPE = YES_ERROR;
				GCC_WARN_UNDECLARED_SELECTOR = YES;
				GCC_WARN_UNINITIALIZED_AUTOS = YES_AGGRESSIVE;
				GCC_WARN_UNUSED_FUNCTION = YES;
				GCC_WARN_UNUSED_VARIABLE = YES;
				IPHONEOS_DEPLOYMENT_TARGET = 15.2;
				MTL_ENABLE_DEBUG_INFO = NO;
				MTL_FAST_MATH = YES;
				SDKROOT = iphoneos;
				SWIFT_COMPILATION_MODE = wholemodule;
				SWIFT_OPTIMIZATION_LEVEL = "-O";
				VALIDATE_PRODUCT = YES;
			};
			name = Release;
		};
		74E9D2BC2C344EA90044DD5D /* Debug */ = {
			isa = XCBuildConfiguration;
			buildSettings = {
				ASSETCATALOG_COMPILER_APPICON_NAME = AppIcon;
				ASSETCATALOG_COMPILER_GLOBAL_ACCENT_COLOR_NAME = AccentColor;
				CODE_SIGN_STYLE = Automatic;
				CURRENT_PROJECT_VERSION = 1;
				DEVELOPMENT_ASSET_PATHS = "\"Messenger_Clone/Preview Content\"";
				ENABLE_PREVIEWS = YES;
				GENERATE_INFOPLIST_FILE = YES;
				INFOPLIST_KEY_UIApplicationSceneManifest_Generation = YES;
				INFOPLIST_KEY_UIApplicationSupportsIndirectInputEvents = YES;
				INFOPLIST_KEY_UILaunchScreen_Generation = YES;
				INFOPLIST_KEY_UISupportedInterfaceOrientations_iPad = "UIInterfaceOrientationPortrait UIInterfaceOrientationPortraitUpsideDown UIInterfaceOrientationLandscapeLeft UIInterfaceOrientationLandscapeRight";
				INFOPLIST_KEY_UISupportedInterfaceOrientations_iPhone = "UIInterfaceOrientationPortrait UIInterfaceOrientationLandscapeLeft UIInterfaceOrientationLandscapeRight";
				LD_RUNPATH_SEARCH_PATHS = (
					"$(inherited)",
					"@executable_path/Frameworks",
				);
				MARKETING_VERSION = 1.0;
				PRODUCT_BUNDLE_IDENTIFIER = "temp.Messenger-Clone";
				PRODUCT_NAME = "$(TARGET_NAME)";
				SWIFT_EMIT_LOC_STRINGS = YES;
				SWIFT_VERSION = 5.0;
				TARGETED_DEVICE_FAMILY = "1,2";
			};
			name = Debug;
		};
		74E9D2BD2C344EA90044DD5D /* Release */ = {
			isa = XCBuildConfiguration;
			buildSettings = {
				ASSETCATALOG_COMPILER_APPICON_NAME = AppIcon;
				ASSETCATALOG_COMPILER_GLOBAL_ACCENT_COLOR_NAME = AccentColor;
				CODE_SIGN_STYLE = Automatic;
				CURRENT_PROJECT_VERSION = 1;
				DEVELOPMENT_ASSET_PATHS = "\"Messenger_Clone/Preview Content\"";
				ENABLE_PREVIEWS = YES;
				GENERATE_INFOPLIST_FILE = YES;
				INFOPLIST_KEY_UIApplicationSceneManifest_Generation = YES;
				INFOPLIST_KEY_UIApplicationSupportsIndirectInputEvents = YES;
				INFOPLIST_KEY_UILaunchScreen_Generation = YES;
				INFOPLIST_KEY_UISupportedInterfaceOrientations_iPad = "UIInterfaceOrientationPortrait UIInterfaceOrientationPortraitUpsideDown UIInterfaceOrientationLandscapeLeft UIInterfaceOrientationLandscapeRight";
				INFOPLIST_KEY_UISupportedInterfaceOrientations_iPhone = "UIInterfaceOrientationPortrait UIInterfaceOrientationLandscapeLeft UIInterfaceOrientationLandscapeRight";
				LD_RUNPATH_SEARCH_PATHS = (
					"$(inherited)",
					"@executable_path/Frameworks",
				);
				MARKETING_VERSION = 1.0;
				PRODUCT_BUNDLE_IDENTIFIER = "temp.Messenger-Clone";
				PRODUCT_NAME = "$(TARGET_NAME)";
				SWIFT_EMIT_LOC_STRINGS = YES;
				SWIFT_VERSION = 5.0;
				TARGETED_DEVICE_FAMILY = "1,2";
			};
			name = Release;
		};
/* End XCBuildConfiguration section */

/* Begin XCConfigurationList section */
		74E9D2A82C344EA30044DD5D /* Build configuration list for PBXProject "Messenger_Clone" */ = {
			isa = XCConfigurationList;
			buildConfigurations = (
				74E9D2B92C344EA90044DD5D /* Debug */,
				74E9D2BA2C344EA90044DD5D /* Release */,
			);
			defaultConfigurationIsVisible = 0;
			defaultConfigurationName = Release;
		};
		74E9D2BB2C344EA90044DD5D /* Build configuration list for PBXNativeTarget "Messenger_Clone" */ = {
			isa = XCConfigurationList;
			buildConfigurations = (
				74E9D2BC2C344EA90044DD5D /* Debug */,
				74E9D2BD2C344EA90044DD5D /* Release */,
			);
			defaultConfigurationIsVisible = 0;
			defaultConfigurationName = Release;
		};
/* End XCConfigurationList section */

/* Begin XCRemoteSwiftPackageReference section */
		748E7E452C740E0E00AA528A /* XCRemoteSwiftPackageReference "firebase-ios-sdk" */ = {
			isa = XCRemoteSwiftPackageReference;
			repositoryURL = "https://github.com/firebase/firebase-ios-sdk";
			requirement = {
				kind = upToNextMajorVersion;
				minimumVersion = 11.1.0;
			};
		};
/* End XCRemoteSwiftPackageReference section */

/* Begin XCSwiftPackageProductDependency section */
		748E7E462C740E0E00AA528A /* FirebaseAnalytics */ = {
			isa = XCSwiftPackageProductDependency;
			package = 748E7E452C740E0E00AA528A /* XCRemoteSwiftPackageReference "firebase-ios-sdk" */;
			productName = FirebaseAnalytics;
		};
		748E7E482C740E0E00AA528A /* FirebaseAnalyticsOnDeviceConversion */ = {
			isa = XCSwiftPackageProductDependency;
			package = 748E7E452C740E0E00AA528A /* XCRemoteSwiftPackageReference "firebase-ios-sdk" */;
			productName = FirebaseAnalyticsOnDeviceConversion;
		};
		748E7E4A2C740E0E00AA528A /* FirebaseAnalyticsWithoutAdIdSupport */ = {
			isa = XCSwiftPackageProductDependency;
			package = 748E7E452C740E0E00AA528A /* XCRemoteSwiftPackageReference "firebase-ios-sdk" */;
			productName = FirebaseAnalyticsWithoutAdIdSupport;
		};
		748E7E4C2C740E0E00AA528A /* FirebaseAppCheck */ = {
			isa = XCSwiftPackageProductDependency;
			package = 748E7E452C740E0E00AA528A /* XCRemoteSwiftPackageReference "firebase-ios-sdk" */;
			productName = FirebaseAppCheck;
		};
		748E7E4E2C740E0E00AA528A /* FirebaseAppDistribution-Beta */ = {
			isa = XCSwiftPackageProductDependency;
			package = 748E7E452C740E0E00AA528A /* XCRemoteSwiftPackageReference "firebase-ios-sdk" */;
			productName = "FirebaseAppDistribution-Beta";
		};
		748E7E502C740E0E00AA528A /* FirebaseAuth */ = {
			isa = XCSwiftPackageProductDependency;
			package = 748E7E452C740E0E00AA528A /* XCRemoteSwiftPackageReference "firebase-ios-sdk" */;
			productName = FirebaseAuth;
		};
		748E7E522C740E0E00AA528A /* FirebaseAuthCombine-Community */ = {
			isa = XCSwiftPackageProductDependency;
			package = 748E7E452C740E0E00AA528A /* XCRemoteSwiftPackageReference "firebase-ios-sdk" */;
			productName = "FirebaseAuthCombine-Community";
		};
		748E7E542C740E0E00AA528A /* FirebaseCrashlytics */ = {
			isa = XCSwiftPackageProductDependency;
			package = 748E7E452C740E0E00AA528A /* XCRemoteSwiftPackageReference "firebase-ios-sdk" */;
			productName = FirebaseCrashlytics;
		};
		748E7E562C740E0E00AA528A /* FirebaseDatabase */ = {
			isa = XCSwiftPackageProductDependency;
			package = 748E7E452C740E0E00AA528A /* XCRemoteSwiftPackageReference "firebase-ios-sdk" */;
			productName = FirebaseDatabase;
		};
		748E7E582C740E0E00AA528A /* FirebaseDynamicLinks */ = {
			isa = XCSwiftPackageProductDependency;
			package = 748E7E452C740E0E00AA528A /* XCRemoteSwiftPackageReference "firebase-ios-sdk" */;
			productName = FirebaseDynamicLinks;
		};
		748E7E5A2C740E0E00AA528A /* FirebaseFirestore */ = {
			isa = XCSwiftPackageProductDependency;
			package = 748E7E452C740E0E00AA528A /* XCRemoteSwiftPackageReference "firebase-ios-sdk" */;
			productName = FirebaseFirestore;
		};
		748E7E5C2C740E0E00AA528A /* FirebaseFirestoreCombine-Community */ = {
			isa = XCSwiftPackageProductDependency;
			package = 748E7E452C740E0E00AA528A /* XCRemoteSwiftPackageReference "firebase-ios-sdk" */;
			productName = "FirebaseFirestoreCombine-Community";
		};
		748E7E5E2C740E0E00AA528A /* FirebaseFunctions */ = {
			isa = XCSwiftPackageProductDependency;
			package = 748E7E452C740E0E00AA528A /* XCRemoteSwiftPackageReference "firebase-ios-sdk" */;
			productName = FirebaseFunctions;
		};
		748E7E602C740E0E00AA528A /* FirebaseFunctionsCombine-Community */ = {
			isa = XCSwiftPackageProductDependency;
			package = 748E7E452C740E0E00AA528A /* XCRemoteSwiftPackageReference "firebase-ios-sdk" */;
			productName = "FirebaseFunctionsCombine-Community";
		};
		748E7E622C740E0E00AA528A /* FirebaseInAppMessaging-Beta */ = {
			isa = XCSwiftPackageProductDependency;
			package = 748E7E452C740E0E00AA528A /* XCRemoteSwiftPackageReference "firebase-ios-sdk" */;
			productName = "FirebaseInAppMessaging-Beta";
		};
		748E7E642C740E0E00AA528A /* FirebaseInstallations */ = {
			isa = XCSwiftPackageProductDependency;
			package = 748E7E452C740E0E00AA528A /* XCRemoteSwiftPackageReference "firebase-ios-sdk" */;
			productName = FirebaseInstallations;
		};
		748E7E662C740E0E00AA528A /* FirebaseMLModelDownloader */ = {
			isa = XCSwiftPackageProductDependency;
			package = 748E7E452C740E0E00AA528A /* XCRemoteSwiftPackageReference "firebase-ios-sdk" */;
			productName = FirebaseMLModelDownloader;
		};
		748E7E682C740E0E00AA528A /* FirebaseMessaging */ = {
			isa = XCSwiftPackageProductDependency;
			package = 748E7E452C740E0E00AA528A /* XCRemoteSwiftPackageReference "firebase-ios-sdk" */;
			productName = FirebaseMessaging;
		};
		748E7E6A2C740E0E00AA528A /* FirebasePerformance */ = {
			isa = XCSwiftPackageProductDependency;
			package = 748E7E452C740E0E00AA528A /* XCRemoteSwiftPackageReference "firebase-ios-sdk" */;
			productName = FirebasePerformance;
		};
		748E7E6C2C740E0E00AA528A /* FirebaseRemoteConfig */ = {
			isa = XCSwiftPackageProductDependency;
			package = 748E7E452C740E0E00AA528A /* XCRemoteSwiftPackageReference "firebase-ios-sdk" */;
			productName = FirebaseRemoteConfig;
		};
		748E7E6E2C740E0E00AA528A /* FirebaseStorage */ = {
			isa = XCSwiftPackageProductDependency;
			package = 748E7E452C740E0E00AA528A /* XCRemoteSwiftPackageReference "firebase-ios-sdk" */;
			productName = FirebaseStorage;
		};
		748E7E702C740E0E00AA528A /* FirebaseStorageCombine-Community */ = {
			isa = XCSwiftPackageProductDependency;
			package = 748E7E452C740E0E00AA528A /* XCRemoteSwiftPackageReference "firebase-ios-sdk" */;
			productName = "FirebaseStorageCombine-Community";
		};
		748E7E722C740E0E00AA528A /* FirebaseVertexAI-Preview */ = {
			isa = XCSwiftPackageProductDependency;
			package = 748E7E452C740E0E00AA528A /* XCRemoteSwiftPackageReference "firebase-ios-sdk" */;
			productName = "FirebaseVertexAI-Preview";
		};
/* End XCSwiftPackageProductDependency section */
	};
	rootObject = 74E9D2A52C344EA30044DD5D /* Project object */;
}
