// !$*UTF8*$!
{
	archiveVersion = 1;
	classes = {
	};
	objectVersion = 55;
	objects = {

/* Begin PBXBuildFile section */
		74E9D2B12C344EA40044DD5D /* Messenger_CloneApp.swift in Sources */ = {isa = PBXBuildFile; fileRef = 74E9D2B02C344EA40044DD5D /* Messenger_CloneApp.swift */; };
		74E9D2B32C344EA40044DD5D /* ContentView.swift in Sources */ = {isa = PBXBuildFile; fileRef = 74E9D2B22C344EA40044DD5D /* ContentView.swift */; };
		74E9D2B52C344EA90044DD5D /* Assets.xcassets in Resources */ = {isa = PBXBuildFile; fileRef = 74E9D2B42C344EA90044DD5D /* Assets.xcassets */; };
		74E9D2B82C344EA90044DD5D /* Preview Assets.xcassets in Resources */ = {isa = PBXBuildFile; fileRef = 74E9D2B72C344EA90044DD5D /* Preview Assets.xcassets */; };
		74E9D2C82C3451FC0044DD5D /* LoginView.swift in Sources */ = {isa = PBXBuildFile; fileRef = 74E9D2C72C3451FC0044DD5D /* LoginView.swift */; };
		74E9D2CA2C348EC80044DD5D /* RegistrationView.swift in Sources */ = {isa = PBXBuildFile; fileRef = 74E9D2C92C348EC80044DD5D /* RegistrationView.swift */; };
		74E9D2CD2C3494A00044DD5D /* InboxView.swift in Sources */ = {isa = PBXBuildFile; fileRef = 74E9D2CC2C3494A00044DD5D /* InboxView.swift */; };
/* End PBXBuildFile section */

/* Begin PBXFileReference section */
		74E9D2AD2C344EA40044DD5D /* Messenger_Clone.app */ = {isa = PBXFileReference; explicitFileType = wrapper.application; includeInIndex = 0; path = Messenger_Clone.app; sourceTree = BUILT_PRODUCTS_DIR; };
		74E9D2B02C344EA40044DD5D /* Messenger_CloneApp.swift */ = {isa = PBXFileReference; lastKnownFileType = sourcecode.swift; path = Messenger_CloneApp.swift; sourceTree = "<group>"; };
		74E9D2B22C344EA40044DD5D /* ContentView.swift */ = {isa = PBXFileReference; lastKnownFileType = sourcecode.swift; path = ContentView.swift; sourceTree = "<group>"; };
		74E9D2B42C344EA90044DD5D /* Assets.xcassets */ = {isa = PBXFileReference; lastKnownFileType = folder.assetcatalog; path = Assets.xcassets; sourceTree = "<group>"; };
		74E9D2B72C344EA90044DD5D /* Preview Assets.xcassets */ = {isa = PBXFileReference; lastKnownFileType = folder.assetcatalog; path = "Preview Assets.xcassets"; sourceTree = "<group>"; };
		74E9D2C72C3451FC0044DD5D /* LoginView.swift */ = {isa = PBXFileReference; lastKnownFileType = sourcecode.swift; path = LoginView.swift; sourceTree = "<group>"; };
		74E9D2C92C348EC80044DD5D /* RegistrationView.swift */ = {isa = PBXFileReference; lastKnownFileType = sourcecode.swift; path = RegistrationView.swift; sourceTree = "<group>"; };
		74E9D2CC2C3494A00044DD5D /* InboxView.swift */ = {isa = PBXFileReference; lastKnownFileType = sourcecode.swift; path = InboxView.swift; sourceTree = "<group>"; };
/* End PBXFileReference section */

/* Begin PBXFrameworksBuildPhase section */
		74E9D2AA2C344EA30044DD5D /* Frameworks */ = {
			isa = PBXFrameworksBuildPhase;
			buildActionMask = 2147483647;
			files = (
			);
			runOnlyForDeploymentPostprocessing = 0;
		};
/* End PBXFrameworksBuildPhase section */

/* Begin PBXGroup section */
		74E9D2A42C344EA30044DD5D = {
			isa = PBXGroup;
			children = (
				74E9D2AF2C344EA40044DD5D /* Messenger_Clone */,
				74E9D2AE2C344EA40044DD5D /* Products */,
			);
			sourceTree = "<group>";
		};
		74E9D2AE2C344EA40044DD5D /* Products */ = {
			isa = PBXGroup;
			children = (
				74E9D2AD2C344EA40044DD5D /* Messenger_Clone.app */,
			);
			name = Products;
			sourceTree = "<group>";
		};
		74E9D2AF2C344EA40044DD5D /* Messenger_Clone */ = {
			isa = PBXGroup;
			children = (
				74E9D2C32C344FDE0044DD5D /* App */,
				74E9D2C22C344FC70044DD5D /* Extensions */,
				74E9D2C12C344FBE0044DD5D /* Core */,
				74E9D2C02C344FB30044DD5D /* Model */,
				74E9D2BE2C344F7F0044DD5D /* Service */,
				74E9D2B42C344EA90044DD5D /* Assets.xcassets */,
				74E9D2B62C344EA90044DD5D /* Preview Content */,
			);
			path = Messenger_Clone;
			sourceTree = "<group>";
		};
		74E9D2B62C344EA90044DD5D /* Preview Content */ = {
			isa = PBXGroup;
			children = (
				74E9D2B72C344EA90044DD5D /* Preview Assets.xcassets */,
			);
			path = "Preview Content";
			sourceTree = "<group>";
		};
		74E9D2BE2C344F7F0044DD5D /* Service */ = {
			isa = PBXGroup;
			children = (
			);
			path = Service;
			sourceTree = "<group>";
		};
		74E9D2C02C344FB30044DD5D /* Model */ = {
			isa = PBXGroup;
			children = (
			);
			path = Model;
			sourceTree = "<group>";
		};
		74E9D2C12C344FBE0044DD5D /* Core */ = {
			isa = PBXGroup;
			children = (
				74E9D2CB2C3494840044DD5D /* Inbox */,
				74E9D2C52C34503D0044DD5D /* Authentication */,
				74E9D2C42C3450340044DD5D /* Root */,
			);
			path = Core;
			sourceTree = "<group>";
		};
		74E9D2C22C344FC70044DD5D /* Extensions */ = {
			isa = PBXGroup;
			children = (
			);
			path = Extensions;
			sourceTree = "<group>";
		};
		74E9D2C32C344FDE0044DD5D /* App */ = {
			isa = PBXGroup;
			children = (
				74E9D2B02C344EA40044DD5D /* Messenger_CloneApp.swift */,
			);
			path = App;
			sourceTree = "<group>";
		};
		74E9D2C42C3450340044DD5D /* Root */ = {
			isa = PBXGroup;
			children = (
				74E9D2B22C344EA40044DD5D /* ContentView.swift */,
			);
			path = Root;
			sourceTree = "<group>";
		};
		74E9D2C52C34503D0044DD5D /* Authentication */ = {
			isa = PBXGroup;
			children = (
				74E9D2C62C34504B0044DD5D /* Views */,
			);
			path = Authentication;
			sourceTree = "<group>";
		};
		74E9D2C62C34504B0044DD5D /* Views */ = {
			isa = PBXGroup;
			children = (
				74E9D2C72C3451FC0044DD5D /* LoginView.swift */,
				74E9D2C92C348EC80044DD5D /* RegistrationView.swift */,
			);
			path = Views;
			sourceTree = "<group>";
		};
		74E9D2CB2C3494840044DD5D /* Inbox */ = {
			isa = PBXGroup;
			children = (
				74E9D2CC2C3494A00044DD5D /* InboxView.swift */,
			);
			path = Inbox;
			sourceTree = "<group>";
		};
/* End PBXGroup section */

/* Begin PBXNativeTarget section */
		74E9D2AC2C344EA30044DD5D /* Messenger_Clone */ = {
			isa = PBXNativeTarget;
			buildConfigurationList = 74E9D2BB2C344EA90044DD5D /* Build configuration list for PBXNativeTarget "Messenger_Clone" */;
			buildPhases = (
				74E9D2A92C344EA30044DD5D /* Sources */,
				74E9D2AA2C344EA30044DD5D /* Frameworks */,
				74E9D2AB2C344EA30044DD5D /* Resources */,
			);
			buildRules = (
			);
			dependencies = (
			);
			name = Messenger_Clone;
			productName = Messenger_Clone;
			productReference = 74E9D2AD2C344EA40044DD5D /* Messenger_Clone.app */;
			productType = "com.apple.product-type.application";
		};
/* End PBXNativeTarget section */

/* Begin PBXProject section */
		74E9D2A52C344EA30044DD5D /* Project object */ = {
			isa = PBXProject;
			attributes = {
				BuildIndependentTargetsInParallel = 1;
				LastSwiftUpdateCheck = 1320;
				LastUpgradeCheck = 1320;
				TargetAttributes = {
					74E9D2AC2C344EA30044DD5D = {
						CreatedOnToolsVersion = 13.2.1;
					};
				};
			};
			buildConfigurationList = 74E9D2A82C344EA30044DD5D /* Build configuration list for PBXProject "Messenger_Clone" */;
			compatibilityVersion = "Xcode 13.0";
			developmentRegion = en;
			hasScannedForEncodings = 0;
			knownRegions = (
				en,
				Base,
			);
			mainGroup = 74E9D2A42C344EA30044DD5D;
			productRefGroup = 74E9D2AE2C344EA40044DD5D /* Products */;
			projectDirPath = "";
			projectRoot = "";
			targets = (
				74E9D2AC2C344EA30044DD5D /* Messenger_Clone */,
			);
		};
/* End PBXProject section */

/* Begin PBXResourcesBuildPhase section */
		74E9D2AB2C344EA30044DD5D /* Resources */ = {
			isa = PBXResourcesBuildPhase;
			buildActionMask = 2147483647;
			files = (
				74E9D2B82C344EA90044DD5D /* Preview Assets.xcassets in Resources */,
				74E9D2B52C344EA90044DD5D /* Assets.xcassets in Resources */,
			);
			runOnlyForDeploymentPostprocessing = 0;
		};
/* End PBXResourcesBuildPhase section */

/* Begin PBXSourcesBuildPhase section */
		74E9D2A92C344EA30044DD5D /* Sources */ = {
			isa = PBXSourcesBuildPhase;
			buildActionMask = 2147483647;
			files = (
				74E9D2C82C3451FC0044DD5D /* LoginView.swift in Sources */,
				74E9D2B32C344EA40044DD5D /* ContentView.swift in Sources */,
				74E9D2CD2C3494A00044DD5D /* InboxView.swift in Sources */,
				74E9D2B12C344EA40044DD5D /* Messenger_CloneApp.swift in Sources */,
				74E9D2CA2C348EC80044DD5D /* RegistrationView.swift in Sources */,
			);
			runOnlyForDeploymentPostprocessing = 0;
		};
/* End PBXSourcesBuildPhase section */

/* Begin XCBuildConfiguration section */
		74E9D2B92C344EA90044DD5D /* Debug */ = {
			isa = XCBuildConfiguration;
			buildSettings = {
				ALWAYS_SEARCH_USER_PATHS = NO;
				CLANG_ANALYZER_NONNULL = YES;
				CLANG_ANALYZER_NUMBER_OBJECT_CONVERSION = YES_AGGRESSIVE;
				CLANG_CXX_LANGUAGE_STANDARD = "gnu++17";
				CLANG_CXX_LIBRARY = "libc++";
				CLANG_ENABLE_MODULES = YES;
				CLANG_ENABLE_OBJC_ARC = YES;
				CLANG_ENABLE_OBJC_WEAK = YES;
				CLANG_WARN_BLOCK_CAPTURE_AUTORELEASING = YES;
				CLANG_WARN_BOOL_CONVERSION = YES;
				CLANG_WARN_COMMA = YES;
				CLANG_WARN_CONSTANT_CONVERSION = YES;
				CLANG_WARN_DEPRECATED_OBJC_IMPLEMENTATIONS = YES;
				CLANG_WARN_DIRECT_OBJC_ISA_USAGE = YES_ERROR;
				CLANG_WARN_DOCUMENTATION_COMMENTS = YES;
				CLANG_WARN_EMPTY_BODY = YES;
				CLANG_WARN_ENUM_CONVERSION = YES;
				CLANG_WARN_INFINITE_RECURSION = YES;
				CLANG_WARN_INT_CONVERSION = YES;
				CLANG_WARN_NON_LITERAL_NULL_CONVERSION = YES;
				CLANG_WARN_OBJC_IMPLICIT_RETAIN_SELF = YES;
				CLANG_WARN_OBJC_LITERAL_CONVERSION = YES;
				CLANG_WARN_OBJC_ROOT_CLASS = YES_ERROR;
				CLANG_WARN_QUOTED_INCLUDE_IN_FRAMEWORK_HEADER = YES;
				CLANG_WARN_RANGE_LOOP_ANALYSIS = YES;
				CLANG_WARN_STRICT_PROTOTYPES = YES;
				CLANG_WARN_SUSPICIOUS_MOVE = YES;
				CLANG_WARN_UNGUARDED_AVAILABILITY = YES_AGGRESSIVE;
				CLANG_WARN_UNREACHABLE_CODE = YES;
				CLANG_WARN__DUPLICATE_METHOD_MATCH = YES;
				COPY_PHASE_STRIP = NO;
				DEBUG_INFORMATION_FORMAT = dwarf;
				ENABLE_STRICT_OBJC_MSGSEND = YES;
				ENABLE_TESTABILITY = YES;
				GCC_C_LANGUAGE_STANDARD = gnu11;
				GCC_DYNAMIC_NO_PIC = NO;
				GCC_NO_COMMON_BLOCKS = YES;
				GCC_OPTIMIZATION_LEVEL = 0;
				GCC_PREPROCESSOR_DEFINITIONS = (
					"DEBUG=1",
					"$(inherited)",
				);
				GCC_WARN_64_TO_32_BIT_CONVERSION = YES;
				GCC_WARN_ABOUT_RETURN_TYPE = YES_ERROR;
				GCC_WARN_UNDECLARED_SELECTOR = YES;
				GCC_WARN_UNINITIALIZED_AUTOS = YES_AGGRESSIVE;
				GCC_WARN_UNUSED_FUNCTION = YES;
				GCC_WARN_UNUSED_VARIABLE = YES;
				IPHONEOS_DEPLOYMENT_TARGET = 15.2;
				MTL_ENABLE_DEBUG_INFO = INCLUDE_SOURCE;
				MTL_FAST_MATH = YES;
				ONLY_ACTIVE_ARCH = YES;
				SDKROOT = iphoneos;
				SWIFT_ACTIVE_COMPILATION_CONDITIONS = DEBUG;
				SWIFT_OPTIMIZATION_LEVEL = "-Onone";
			};
			name = Debug;
		};
		74E9D2BA2C344EA90044DD5D /* Release */ = {
			isa = XCBuildConfiguration;
			buildSettings = {
				ALWAYS_SEARCH_USER_PATHS = NO;
				CLANG_ANALYZER_NONNULL = YES;
				CLANG_ANALYZER_NUMBER_OBJECT_CONVERSION = YES_AGGRESSIVE;
				CLANG_CXX_LANGUAGE_STANDARD = "gnu++17";
				CLANG_CXX_LIBRARY = "libc++";
				CLANG_ENABLE_MODULES = YES;
				CLANG_ENABLE_OBJC_ARC = YES;
				CLANG_ENABLE_OBJC_WEAK = YES;
				CLANG_WARN_BLOCK_CAPTURE_AUTORELEASING = YES;
				CLANG_WARN_BOOL_CONVERSION = YES;
				CLANG_WARN_COMMA = YES;
				CLANG_WARN_CONSTANT_CONVERSION = YES;
				CLANG_WARN_DEPRECATED_OBJC_IMPLEMENTATIONS = YES;
				CLANG_WARN_DIRECT_OBJC_ISA_USAGE = YES_ERROR;
				CLANG_WARN_DOCUMENTATION_COMMENTS = YES;
				CLANG_WARN_EMPTY_BODY = YES;
				CLANG_WARN_ENUM_CONVERSION = YES;
				CLANG_WARN_INFINITE_RECURSION = YES;
				CLANG_WARN_INT_CONVERSION = YES;
				CLANG_WARN_NON_LITERAL_NULL_CONVERSION = YES;
				CLANG_WARN_OBJC_IMPLICIT_RETAIN_SELF = YES;
				CLANG_WARN_OBJC_LITERAL_CONVERSION = YES;
				CLANG_WARN_OBJC_ROOT_CLASS = YES_ERROR;
				CLANG_WARN_QUOTED_INCLUDE_IN_FRAMEWORK_HEADER = YES;
				CLANG_WARN_RANGE_LOOP_ANALYSIS = YES;
				CLANG_WARN_STRICT_PROTOTYPES = YES;
				CLANG_WARN_SUSPICIOUS_MOVE = YES;
				CLANG_WARN_UNGUARDED_AVAILABILITY = YES_AGGRESSIVE;
				CLANG_WARN_UNREACHABLE_CODE = YES;
				CLANG_WARN__DUPLICATE_METHOD_MATCH = YES;
				COPY_PHASE_STRIP = NO;
				DEBUG_INFORMATION_FORMAT = "dwarf-with-dsym";
				ENABLE_NS_ASSERTIONS = NO;
				ENABLE_STRICT_OBJC_MSGSEND = YES;
				GCC_C_LANGUAGE_STANDARD = gnu11;
				GCC_NO_COMMON_BLOCKS = YES;
				GCC_WARN_64_TO_32_BIT_CONVERSION = YES;
				GCC_WARN_ABOUT_RETURN_TYPE = YES_ERROR;
				GCC_WARN_UNDECLARED_SELECTOR = YES;
				GCC_WARN_UNINITIALIZED_AUTOS = YES_AGGRESSIVE;
				GCC_WARN_UNUSED_FUNCTION = YES;
				GCC_WARN_UNUSED_VARIABLE = YES;
				IPHONEOS_DEPLOYMENT_TARGET = 15.2;
				MTL_ENABLE_DEBUG_INFO = NO;
				MTL_FAST_MATH = YES;
				SDKROOT = iphoneos;
				SWIFT_COMPILATION_MODE = wholemodule;
				SWIFT_OPTIMIZATION_LEVEL = "-O";
				VALIDATE_PRODUCT = YES;
			};
			name = Release;
		};
		74E9D2BC2C344EA90044DD5D /* Debug */ = {
			isa = XCBuildConfiguration;
			buildSettings = {
				ASSETCATALOG_COMPILER_APPICON_NAME = AppIcon;
				ASSETCATALOG_COMPILER_GLOBAL_ACCENT_COLOR_NAME = AccentColor;
				CODE_SIGN_STYLE = Automatic;
				CURRENT_PROJECT_VERSION = 1;
				DEVELOPMENT_ASSET_PATHS = "\"Messenger_Clone/Preview Content\"";
				ENABLE_PREVIEWS = YES;
				GENERATE_INFOPLIST_FILE = YES;
				INFOPLIST_KEY_UIApplicationSceneManifest_Generation = YES;
				INFOPLIST_KEY_UIApplicationSupportsIndirectInputEvents = YES;
				INFOPLIST_KEY_UILaunchScreen_Generation = YES;
				INFOPLIST_KEY_UISupportedInterfaceOrientations_iPad = "UIInterfaceOrientationPortrait UIInterfaceOrientationPortraitUpsideDown UIInterfaceOrientationLandscapeLeft UIInterfaceOrientationLandscapeRight";
				INFOPLIST_KEY_UISupportedInterfaceOrientations_iPhone = "UIInterfaceOrientationPortrait UIInterfaceOrientationLandscapeLeft UIInterfaceOrientationLandscapeRight";
				LD_RUNPATH_SEARCH_PATHS = (
					"$(inherited)",
					"@executable_path/Frameworks",
				);
				MARKETING_VERSION = 1.0;
				PRODUCT_BUNDLE_IDENTIFIER = "temp.Messenger-Clone";
				PRODUCT_NAME = "$(TARGET_NAME)";
				SWIFT_EMIT_LOC_STRINGS = YES;
				SWIFT_VERSION = 5.0;
				TARGETED_DEVICE_FAMILY = "1,2";
			};
			name = Debug;
		};
		74E9D2BD2C344EA90044DD5D /* Release */ = {
			isa = XCBuildConfiguration;
			buildSettings = {
				ASSETCATALOG_COMPILER_APPICON_NAME = AppIcon;
				ASSETCATALOG_COMPILER_GLOBAL_ACCENT_COLOR_NAME = AccentColor;
				CODE_SIGN_STYLE = Automatic;
				CURRENT_PROJECT_VERSION = 1;
				DEVELOPMENT_ASSET_PATHS = "\"Messenger_Clone/Preview Content\"";
				ENABLE_PREVIEWS = YES;
				GENERATE_INFOPLIST_FILE = YES;
				INFOPLIST_KEY_UIApplicationSceneManifest_Generation = YES;
				INFOPLIST_KEY_UIApplicationSupportsIndirectInputEvents = YES;
				INFOPLIST_KEY_UILaunchScreen_Generation = YES;
				INFOPLIST_KEY_UISupportedInterfaceOrientations_iPad = "UIInterfaceOrientationPortrait UIInterfaceOrientationPortraitUpsideDown UIInterfaceOrientationLandscapeLeft UIInterfaceOrientationLandscapeRight";
				INFOPLIST_KEY_UISupportedInterfaceOrientations_iPhone = "UIInterfaceOrientationPortrait UIInterfaceOrientationLandscapeLeft UIInterfaceOrientationLandscapeRight";
				LD_RUNPATH_SEARCH_PATHS = (
					"$(inherited)",
					"@executable_path/Frameworks",
				);
				MARKETING_VERSION = 1.0;
				PRODUCT_BUNDLE_IDENTIFIER = "temp.Messenger-Clone";
				PRODUCT_NAME = "$(TARGET_NAME)";
				SWIFT_EMIT_LOC_STRINGS = YES;
				SWIFT_VERSION = 5.0;
				TARGETED_DEVICE_FAMILY = "1,2";
			};
			name = Release;
		};
/* End XCBuildConfiguration section */

/* Begin XCConfigurationList section */
		74E9D2A82C344EA30044DD5D /* Build configuration list for PBXProject "Messenger_Clone" */ = {
			isa = XCConfigurationList;
			buildConfigurations = (
				74E9D2B92C344EA90044DD5D /* Debug */,
				74E9D2BA2C344EA90044DD5D /* Release */,
			);
			defaultConfigurationIsVisible = 0;
			defaultConfigurationName = Release;
		};
		74E9D2BB2C344EA90044DD5D /* Build configuration list for PBXNativeTarget "Messenger_Clone" */ = {
			isa = XCConfigurationList;
			buildConfigurations = (
				74E9D2BC2C344EA90044DD5D /* Debug */,
				74E9D2BD2C344EA90044DD5D /* Release */,
			);
			defaultConfigurationIsVisible = 0;
			defaultConfigurationName = Release;
		};
/* End XCConfigurationList section */
	};
	rootObject = 74E9D2A52C344EA30044DD5D /* Project object */;
}
